
Microsoft Visual Studio Solution File, Format Version 12.00
# Visual Studio Version 17
VisualStudioVersion = 17.5.002.0
MinimumVisualStudioVersion = 10.0.40219.1
Project("{2150E333-8FDC-42A3-9474-1A3956D46DE8}") = "csharp-prep", "csharp-prep", "{7F88D5CD-5E47-4341-8AFD-8F5F2DB45ED1}"
EndProject
Project("{9A19103F-16F7-4668-BE54-9A1E7A4F7556}") = "Prep1", "csharp-prep\Prep1\Prep1.csproj", "{DFA5AE2F-DEED-4B09-A890-7EA2FACEE2B8}"
EndProject
Project("{9A19103F-16F7-4668-BE54-9A1E7A4F7556}") = "Prep2", "csharp-prep\Prep2\Prep2.csproj", "{ACA010B0-C6D3-42CC-BD1D-A7A7EDB55DAB}"
EndProject
Project("{9A19103F-16F7-4668-BE54-9A1E7A4F7556}") = "Prep3", "csharp-prep\Prep3\Prep3.csproj", "{E7B463D6-3A41-4486-A4D4-3650317D4653}"
EndProject
Project("{9A19103F-16F7-4668-BE54-9A1E7A4F7556}") = "Prep4", "csharp-prep\Prep4\Prep4.csproj", "{49D692AD-B839-4987-826D-3D2B2E8856D2}"
EndProject
Project("{9A19103F-16F7-4668-BE54-9A1E7A4F7556}") = "Prep5", "csharp-prep\Prep5\Prep5.csproj", "{7684592B-9B02-4F48-9D9E-EA0036680DF5}"
EndProject
Project("{2150E333-8FDC-42A3-9474-1A3956D46DE8}") = "final", "final", "{0848EF79-CAC0-459F-9281-8E38589E6AAD}"
EndProject
Project("{9A19103F-16F7-4668-BE54-9A1E7A4F7556}") = "FinalProject", "final\FinalProject\FinalProject.csproj", "{FEC9655A-D4C9-4893-B2BE-86DD983AC4EF}"
EndProject
Project("{9A19103F-16F7-4668-BE54-9A1E7A4F7556}") = "Foundation1", "final\Foundation1\Foundation1.csproj", "{6037952F-B21B-4562-9312-4D74F200EE5F}"
EndProject
Project("{9A19103F-16F7-4668-BE54-9A1E7A4F7556}") = "Foundation2", "final\Foundation2\Foundation2.csproj", "{F9C14882-323F-4B08-B39A-A10FD871E910}"
EndProject
Project("{9A19103F-16F7-4668-BE54-9A1E7A4F7556}") = "Foundation3", "final\Foundation3\Foundation3.csproj", "{389AD03E-78FB-4646-8F6A-14AEC59C2C64}"
EndProject
Project("{9A19103F-16F7-4668-BE54-9A1E7A4F7556}") = "Foundation4", "final\Foundation4\Foundation4.csproj", "{7CE43473-DC5D-4C2E-9353-50FF514041FB}"
EndProject
Project("{2150E333-8FDC-42A3-9474-1A3956D46DE8}") = "prepare", "prepare", "{9451F5D3-70CA-4AFA-A224-6E31C4B62884}"
EndProject
Project("{9A19103F-16F7-4668-BE54-9A1E7A4F7556}") = "Learning02", "prepare\Learning02\Learning02.csproj", "{79256BC2-1E77-4C62-B784-9E8188FB2F85}"
EndProject
Project("{9A19103F-16F7-4668-BE54-9A1E7A4F7556}") = "Learning03", "prepare\Learning03\Learning03.csproj", "{578B657F-5A3A-4735-989F-745217CD1D41}"
EndProject
Project("{9A19103F-16F7-4668-BE54-9A1E7A4F7556}") = "Learning04", "prepare\Learning04\Learning04.csproj", "{205052EE-B2FD-4D52-AF32-D5226A3B3A4C}"
EndProject
Project("{9A19103F-16F7-4668-BE54-9A1E7A4F7556}") = "Learning05", "prepare\Learning05\Learning05.csproj", "{71233307-C2E6-4EC7-8CFB-650215E7A1BE}"
EndProject
Project("{2150E333-8FDC-42A3-9474-1A3956D46DE8}") = "prove", "prove", "{90529048-687A-4D80-9CA4-D9113558FB61}"
EndProject
Project("{9A19103F-16F7-4668-BE54-9A1E7A4F7556}") = "Develop02", "prove\Develop02\Develop02.csproj", "{20DEFC9E-5F02-4D84-B27D-5D9F9DA346A1}"
EndProject
Project("{9A19103F-16F7-4668-BE54-9A1E7A4F7556}") = "Develop03", "prove\Develop03\Develop03.csproj", "{28F501F2-E9AD-4139-8655-1368AA4F40EE}"
EndProject
Project("{9A19103F-16F7-4668-BE54-9A1E7A4F7556}") = "Develop04", "prove\Develop04\Develop04.csproj", "{1A0C247A-B9C2-4B1F-BF82-F1EA3A87BAA6}"
EndProject
Project("{9A19103F-16F7-4668-BE54-9A1E7A4F7556}") = "Develop05", "prove\Develop05\Develop05.csproj", "{A1028D10-ABE1-4B36-9F37-D0E32DE2995B}"
EndProject
Project("{2150E333-8FDC-42A3-9474-1A3956D46DE8}") = "sandbox", "sandbox", "{49E402AE-B8DD-4409-8FC8-A369BFCCC1C4}"
EndProject
Project("{9A19103F-16F7-4668-BE54-9A1E7A4F7556}") = "Sandbox", "sandbox\Sandbox\Sandbox.csproj", "{A04D366F-057F-44C0-87FC-2204DAD5A264}"
EndProject
Global
	GlobalSection(SolutionConfigurationPlatforms) = preSolution
		Debug|Any CPU = Debug|Any CPU
		Release|Any CPU = Release|Any CPU
	EndGlobalSection
	GlobalSection(ProjectConfigurationPlatforms) = postSolution
		{DFA5AE2F-DEED-4B09-A890-7EA2FACEE2B8}.Debug|Any CPU.ActiveCfg = Debug|Any CPU
		{DFA5AE2F-DEED-4B09-A890-7EA2FACEE2B8}.Debug|Any CPU.Build.0 = Debug|Any CPU
		{DFA5AE2F-DEED-4B09-A890-7EA2FACEE2B8}.Release|Any CPU.ActiveCfg = Release|Any CPU
		{DFA5AE2F-DEED-4B09-A890-7EA2FACEE2B8}.Release|Any CPU.Build.0 = Release|Any CPU
		{ACA010B0-C6D3-42CC-BD1D-A7A7EDB55DAB}.Debug|Any CPU.ActiveCfg = Debug|Any CPU
		{ACA010B0-C6D3-42CC-BD1D-A7A7EDB55DAB}.Debug|Any CPU.Build.0 = Debug|Any CPU
		{ACA010B0-C6D3-42CC-BD1D-A7A7EDB55DAB}.Release|Any CPU.ActiveCfg = Release|Any CPU
		{ACA010B0-C6D3-42CC-BD1D-A7A7EDB55DAB}.Release|Any CPU.Build.0 = Release|Any CPU
		{E7B463D6-3A41-4486-A4D4-3650317D4653}.Debug|Any CPU.ActiveCfg = Debug|Any CPU
		{E7B463D6-3A41-4486-A4D4-3650317D4653}.Debug|Any CPU.Build.0 = Debug|Any CPU
		{E7B463D6-3A41-4486-A4D4-3650317D4653}.Release|Any CPU.ActiveCfg = Release|Any CPU
		{E7B463D6-3A41-4486-A4D4-3650317D4653}.Release|Any CPU.Build.0 = Release|Any CPU
		{49D692AD-B839-4987-826D-3D2B2E8856D2}.Debug|Any CPU.ActiveCfg = Debug|Any CPU
		{49D692AD-B839-4987-826D-3D2B2E8856D2}.Debug|Any CPU.Build.0 = Debug|Any CPU
		{49D692AD-B839-4987-826D-3D2B2E8856D2}.Release|Any CPU.ActiveCfg = Release|Any CPU
		{49D692AD-B839-4987-826D-3D2B2E8856D2}.Release|Any CPU.Build.0 = Release|Any CPU
		{7684592B-9B02-4F48-9D9E-EA0036680DF5}.Debug|Any CPU.ActiveCfg = Debug|Any CPU
		{7684592B-9B02-4F48-9D9E-EA0036680DF5}.Debug|Any CPU.Build.0 = Debug|Any CPU
		{7684592B-9B02-4F48-9D9E-EA0036680DF5}.Release|Any CPU.ActiveCfg = Release|Any CPU
		{7684592B-9B02-4F48-9D9E-EA0036680DF5}.Release|Any CPU.Build.0 = Release|Any CPU
		{FEC9655A-D4C9-4893-B2BE-86DD983AC4EF}.Debug|Any CPU.ActiveCfg = Debug|Any CPU
		{FEC9655A-D4C9-4893-B2BE-86DD983AC4EF}.Debug|Any CPU.Build.0 = Debug|Any CPU
		{FEC9655A-D4C9-4893-B2BE-86DD983AC4EF}.Release|Any CPU.ActiveCfg = Release|Any CPU
		{FEC9655A-D4C9-4893-B2BE-86DD983AC4EF}.Release|Any CPU.Build.0 = Release|Any CPU
		{6037952F-B21B-4562-9312-4D74F200EE5F}.Debug|Any CPU.ActiveCfg = Debug|Any CPU
		{6037952F-B21B-4562-9312-4D74F200EE5F}.Debug|Any CPU.Build.0 = Debug|Any CPU
		{6037952F-B21B-4562-9312-4D74F200EE5F}.Release|Any CPU.ActiveCfg = Release|Any CPU
		{6037952F-B21B-4562-9312-4D74F200EE5F}.Release|Any CPU.Build.0 = Release|Any CPU
		{F9C14882-323F-4B08-B39A-A10FD871E910}.Debug|Any CPU.ActiveCfg = Debug|Any CPU
		{F9C14882-323F-4B08-B39A-A10FD871E910}.Debug|Any CPU.Build.0 = Debug|Any CPU
		{F9C14882-323F-4B08-B39A-A10FD871E910}.Release|Any CPU.ActiveCfg = Release|Any CPU
		{F9C14882-323F-4B08-B39A-A10FD871E910}.Release|Any CPU.Build.0 = Release|Any CPU
		{389AD03E-78FB-4646-8F6A-14AEC59C2C64}.Debug|Any CPU.ActiveCfg = Debug|Any CPU
		{389AD03E-78FB-4646-8F6A-14AEC59C2C64}.Debug|Any CPU.Build.0 = Debug|Any CPU
		{389AD03E-78FB-4646-8F6A-14AEC59C2C64}.Release|Any CPU.ActiveCfg = Release|Any CPU
		{389AD03E-78FB-4646-8F6A-14AEC59C2C64}.Release|Any CPU.Build.0 = Release|Any CPU
		{7CE43473-DC5D-4C2E-9353-50FF514041FB}.Debug|Any CPU.ActiveCfg = Debug|Any CPU
		{7CE43473-DC5D-4C2E-9353-50FF514041FB}.Debug|Any CPU.Build.0 = Debug|Any CPU
		{7CE43473-DC5D-4C2E-9353-50FF514041FB}.Release|Any CPU.ActiveCfg = Release|Any CPU
		{7CE43473-DC5D-4C2E-9353-50FF514041FB}.Release|Any CPU.Build.0 = Release|Any CPU
		{79256BC2-1E77-4C62-B784-9E8188FB2F85}.Debug|Any CPU.ActiveCfg = Debug|Any CPU
		{79256BC2-1E77-4C62-B784-9E8188FB2F85}.Debug|Any CPU.Build.0 = Debug|Any CPU
		{79256BC2-1E77-4C62-B784-9E8188FB2F85}.Release|Any CPU.ActiveCfg = Release|Any CPU
		{79256BC2-1E77-4C62-B784-9E8188FB2F85}.Release|Any CPU.Build.0 = Release|Any CPU
		{578B657F-5A3A-4735-989F-745217CD1D41}.Debug|Any CPU.ActiveCfg = Debug|Any CPU
		{578B657F-5A3A-4735-989F-745217CD1D41}.Debug|Any CPU.Build.0 = Debug|Any CPU
		{578B657F-5A3A-4735-989F-745217CD1D41}.Release|Any CPU.ActiveCfg = Release|Any CPU
		{578B657F-5A3A-4735-989F-745217CD1D41}.Release|Any CPU.Build.0 = Release|Any CPU
		{205052EE-B2FD-4D52-AF32-D5226A3B3A4C}.Debug|Any CPU.ActiveCfg = Debug|Any CPU
		{205052EE-B2FD-4D52-AF32-D5226A3B3A4C}.Debug|Any CPU.Build.0 = Debug|Any CPU
		{205052EE-B2FD-4D52-AF32-D5226A3B3A4C}.Release|Any CPU.ActiveCfg = Release|Any CPU
		{205052EE-B2FD-4D52-AF32-D5226A3B3A4C}.Release|Any CPU.Build.0 = Release|Any CPU
		{71233307-C2E6-4EC7-8CFB-650215E7A1BE}.Debug|Any CPU.ActiveCfg = Debug|Any CPU
		{71233307-C2E6-4EC7-8CFB-650215E7A1BE}.Debug|Any CPU.Build.0 = Debug|Any CPU
		{71233307-C2E6-4EC7-8CFB-650215E7A1BE}.Release|Any CPU.ActiveCfg = Release|Any CPU
		{71233307-C2E6-4EC7-8CFB-650215E7A1BE}.Release|Any CPU.Build.0 = Release|Any CPU
		{20DEFC9E-5F02-4D84-B27D-5D9F9DA346A1}.Debug|Any CPU.ActiveCfg = Debug|Any CPU
		{20DEFC9E-5F02-4D84-B27D-5D9F9DA346A1}.Debug|Any CPU.Build.0 = Debug|Any CPU
		{20DEFC9E-5F02-4D84-B27D-5D9F9DA346A1}.Release|Any CPU.ActiveCfg = Release|Any CPU
		{20DEFC9E-5F02-4D84-B27D-5D9F9DA346A1}.Release|Any CPU.Build.0 = Release|Any CPU
		{28F501F2-E9AD-4139-8655-1368AA4F40EE}.Debug|Any CPU.ActiveCfg = Debug|Any CPU
		{28F501F2-E9AD-4139-8655-1368AA4F40EE}.Debug|Any CPU.Build.0 = Debug|Any CPU
		{28F501F2-E9AD-4139-8655-1368AA4F40EE}.Release|Any CPU.ActiveCfg = Release|Any CPU
		{28F501F2-E9AD-4139-8655-1368AA4F40EE}.Release|Any CPU.Build.0 = Release|Any CPU
		{1A0C247A-B9C2-4B1F-BF82-F1EA3A87BAA6}.Debug|Any CPU.ActiveCfg = Debug|Any CPU
		{1A0C247A-B9C2-4B1F-BF82-F1EA3A87BAA6}.Debug|Any CPU.Build.0 = Debug|Any CPU
		{1A0C247A-B9C2-4B1F-BF82-F1EA3A87BAA6}.Release|Any CPU.ActiveCfg = Release|Any CPU
		{1A0C247A-B9C2-4B1F-BF82-F1EA3A87BAA6}.Release|Any CPU.Build.0 = Release|Any CPU
		{A1028D10-ABE1-4B36-9F37-D0E32DE2995B}.Debug|Any CPU.ActiveCfg = Debug|Any CPU
		{A1028D10-ABE1-4B36-9F37-D0E32DE2995B}.Debug|Any CPU.Build.0 = Debug|Any CPU
		{A1028D10-ABE1-4B36-9F37-D0E32DE2995B}.Release|Any CPU.ActiveCfg = Release|Any CPU
		{A1028D10-ABE1-4B36-9F37-D0E32DE2995B}.Release|Any CPU.Build.0 = Release|Any CPU
		{A04D366F-057F-44C0-87FC-2204DAD5A264}.Debug|Any CPU.ActiveCfg = Debug|Any CPU
		{A04D366F-057F-44C0-87FC-2204DAD5A264}.Debug|Any CPU.Build.0 = Debug|Any CPU
		{A04D366F-057F-44C0-87FC-2204DAD5A264}.Release|Any CPU.ActiveCfg = Release|Any CPU
		{A04D366F-057F-44C0-87FC-2204DAD5A264}.Release|Any CPU.Build.0 = Release|Any CPU
	EndGlobalSection
	GlobalSection(SolutionProperties) = preSolution
		HideSolutionNode = FALSE
	EndGlobalSection
	GlobalSection(NestedProjects) = preSolution
		{DFA5AE2F-DEED-4B09-A890-7EA2FACEE2B8} = {7F88D5CD-5E47-4341-8AFD-8F5F2DB45ED1}
		{ACA010B0-C6D3-42CC-BD1D-A7A7EDB55DAB} = {7F88D5CD-5E47-4341-8AFD-8F5F2DB45ED1}
		{E7B463D6-3A41-4486-A4D4-3650317D4653} = {7F88D5CD-5E47-4341-8AFD-8F5F2DB45ED1}
		{49D692AD-B839-4987-826D-3D2B2E8856D2} = {7F88D5CD-5E47-4341-8AFD-8F5F2DB45ED1}
		{7684592B-9B02-4F48-9D9E-EA0036680DF5} = {7F88D5CD-5E47-4341-8AFD-8F5F2DB45ED1}
		{FEC9655A-D4C9-4893-B2BE-86DD983AC4EF} = {0848EF79-CAC0-459F-9281-8E38589E6AAD}
		{6037952F-B21B-4562-9312-4D74F200EE5F} = {0848EF79-CAC0-459F-9281-8E38589E6AAD}
		{F9C14882-323F-4B08-B39A-A10FD871E910} = {0848EF79-CAC0-459F-9281-8E38589E6AAD}
		{389AD03E-78FB-4646-8F6A-14AEC59C2C64} = {0848EF79-CAC0-459F-9281-8E38589E6AAD}
		{7CE43473-DC5D-4C2E-9353-50FF514041FB} = {0848EF79-CAC0-459F-9281-8E38589E6AAD}
		{79256BC2-1E77-4C62-B784-9E8188FB2F85} = {9451F5D3-70CA-4AFA-A224-6E31C4B62884}
		{578B657F-5A3A-4735-989F-745217CD1D41} = {9451F5D3-70CA-4AFA-A224-6E31C4B62884}
		{205052EE-B2FD-4D52-AF32-D5226A3B3A4C} = {9451F5D3-70CA-4AFA-A224-6E31C4B62884}
		{71233307-C2E6-4EC7-8CFB-650215E7A1BE} = {9451F5D3-70CA-4AFA-A224-6E31C4B62884}
		{20DEFC9E-5F02-4D84-B27D-5D9F9DA346A1} = {90529048-687A-4D80-9CA4-D9113558FB61}
		{28F501F2-E9AD-4139-8655-1368AA4F40EE} = {90529048-687A-4D80-9CA4-D9113558FB61}
		{1A0C247A-B9C2-4B1F-BF82-F1EA3A87BAA6} = {90529048-687A-4D80-9CA4-D9113558FB61}
		{A1028D10-ABE1-4B36-9F37-D0E32DE2995B} = {90529048-687A-4D80-9CA4-D9113558FB61}
		{A04D366F-057F-44C0-87FC-2204DAD5A264} = {49E402AE-B8DD-4409-8FC8-A369BFCCC1C4}
	EndGlobalSection
	GlobalSection(ExtensibilityGlobals) = postSolution
		SolutionGuid = {ED2B4B5D-EC60-4FCE-864F-1C7755331EFB}
	EndGlobalSection
EndGlobal
